
Microsoft Visual Studio Solution File, Format Version 12.00
# Visual Studio Version 17
VisualStudioVersion = 17.4.33213.308
MinimumVisualStudioVersion = 10.0.40219.1
Project("{FAE04EC0-301F-11D3-BF4B-00C04F79EFBC}") = "Jasmin", "Jasmin.csproj", "{7E65FD9E-6CFB-4FCF-B5B2-8B78DF2F737C}"
EndProject
Global
	GlobalSection(SolutionConfigurationPlatforms) = preSolution
		Debug|Any CPU = Debug|Any CPU
		Release|Any CPU = Release|Any CPU
	EndGlobalSection
	GlobalSection(ProjectConfigurationPlatforms) = postSolution
		{7E65FD9E-6CFB-4FCF-B5B2-8B78DF2F737C}.Debug|Any CPU.ActiveCfg = Debug|Any CPU
		{7E65FD9E-6CFB-4FCF-B5B2-8B78DF2F737C}.Debug|Any CPU.Build.0 = Debug|Any CPU
		{7E65FD9E-6CFB-4FCF-B5B2-8B78DF2F737C}.Release|Any CPU.ActiveCfg = Release|Any CPU
		{7E65FD9E-6CFB-4FCF-B5B2-8B78DF2F737C}.Release|Any CPU.Build.0 = Release|Any CPU
	EndGlobalSection
	GlobalSection(SolutionProperties) = preSolution
		HideSolutionNode = FALSE
	EndGlobalSection
	GlobalSection(ExtensibilityGlobals) = postSolution
		SolutionGuid = {483FACF6-7912-454C-85E6-85496C6994DE}
	EndGlobalSection
EndGlobal
